
Microsoft Visual Studio Solution File, Format Version 12.00
# Visual Studio 15
VisualStudioVersion = 15.0.27004.2005
MinimumVisualStudioVersion = 10.0.40219.1
Project("{FAE04EC0-301F-11D3-BF4B-00C04F79EFBC}") = "SignalRClient.Sample", "SignalRClient.Sample\SignalRClient.Sample.csproj", "{6401E10F-E204-4C9F-AD9A-8068AB2479C4}"
EndProject
Project("{FAE04EC0-301F-11D3-BF4B-00C04F79EFBC}") = "TestSignalR", "TestSignalR\TestSignalR.csproj", "{C29C9EAF-2575-4D5F-B12D-C378452A426E}"
EndProject
Global
	GlobalSection(SolutionConfigurationPlatforms) = preSolution
		Debug|Any CPU = Debug|Any CPU
		Release|Any CPU = Release|Any CPU
	EndGlobalSection
	GlobalSection(ProjectConfigurationPlatforms) = postSolution
		{6401E10F-E204-4C9F-AD9A-8068AB2479C4}.Debug|Any CPU.ActiveCfg = Debug|Any CPU
		{6401E10F-E204-4C9F-AD9A-8068AB2479C4}.Debug|Any CPU.Build.0 = Debug|Any CPU
		{6401E10F-E204-4C9F-AD9A-8068AB2479C4}.Release|Any CPU.ActiveCfg = Release|Any CPU
		{6401E10F-E204-4C9F-AD9A-8068AB2479C4}.Release|Any CPU.Build.0 = Release|Any CPU
		{C29C9EAF-2575-4D5F-B12D-C378452A426E}.Debug|Any CPU.ActiveCfg = Debug|Any CPU
		{C29C9EAF-2575-4D5F-B12D-C378452A426E}.Debug|Any CPU.Build.0 = Debug|Any CPU
		{C29C9EAF-2575-4D5F-B12D-C378452A426E}.Release|Any CPU.ActiveCfg = Release|Any CPU
		{C29C9EAF-2575-4D5F-B12D-C378452A426E}.Release|Any CPU.Build.0 = Release|Any CPU
	EndGlobalSection
	GlobalSection(SolutionProperties) = preSolution
		HideSolutionNode = FALSE
	EndGlobalSection
	GlobalSection(ExtensibilityGlobals) = postSolution
		SolutionGuid = {DED5F9A5-71B5-4E72-B04F-7EACA486D8F5}
	EndGlobalSection
EndGlobal
